PODS:
  - Alamofire (5.6.2)
  - BetterCodable (0.4.0)
  - Moya (15.0.0):
    - Moya/Core (= 15.0.0)
  - Moya/Core (15.0.0):
    - Alamofire (~> 5.0)

DEPENDENCIES:
  - BetterCodable
  - Moya

SPEC REPOS:
  trunk:
    - Alamofire
    - BetterCodable
    - Moya

SPEC CHECKSUMS:
  Alamofire: d368e1ff8a298e6dde360e35a3e68e6c610e7204
  BetterCodable: 3f2a765c9f4089b19debd2a7b904a69fca0a5fda
  Moya: 138f0573e53411fb3dc17016add0b748dfbd78ee

PODFILE CHECKSUM: fcad5d6a42dddc6320746bc2fe510b8391ac1ea8

COCOAPODS: 1.11.3
