PODS:
  - Alamofire (5.6.2)
  - Moya (15.0.0):
    - Moya/Core (= 15.0.0)
  - Moya/Core (15.0.0):
    - Alamofire (~> 5.0)

DEPENDENCIES:
  - Moya

SPEC REPOS:
  trunk:
    - Alamofire
    - Moya

SPEC CHECKSUMS:
  Alamofire: d368e1ff8a298e6dde360e35a3e68e6c610e7204
  Moya: 138f0573e53411fb3dc17016add0b748dfbd78ee

PODFILE CHECKSUM: f14b813c774e075823ec5638be8b67b3ee67f93e

COCOAPODS: 1.11.3
